
Microsoft Visual Studio Solution File, Format Version 12.00
# Visual Studio Version 16
VisualStudioVersion = 16.0.29728.190
MinimumVisualStudioVersion = 10.0.40219.1
Project("{FAE04EC0-301F-11D3-BF4B-00C04F79EFBC}") = "Fibonacci", "Fibonacci\Fibonacci.csproj", "{3EF6BC34-89A4-49B0-B7ED-CCE32C826FBF}"
EndProject
Global
	GlobalSection(SolutionConfigurationPlatforms) = preSolution
		Debug|Any CPU = Debug|Any CPU
		Release|Any CPU = Release|Any CPU
	EndGlobalSection
	GlobalSection(ProjectConfigurationPlatforms) = postSolution
		{3EF6BC34-89A4-49B0-B7ED-CCE32C826FBF}.Debug|Any CPU.ActiveCfg = Debug|Any CPU
		{3EF6BC34-89A4-49B0-B7ED-CCE32C826FBF}.Debug|Any CPU.Build.0 = Debug|Any CPU
		{3EF6BC34-89A4-49B0-B7ED-CCE32C826FBF}.Release|Any CPU.ActiveCfg = Release|Any CPU
		{3EF6BC34-89A4-49B0-B7ED-CCE32C826FBF}.Release|Any CPU.Build.0 = Release|Any CPU
	EndGlobalSection
	GlobalSection(SolutionProperties) = preSolution
		HideSolutionNode = FALSE
	EndGlobalSection
	GlobalSection(ExtensibilityGlobals) = postSolution
		SolutionGuid = {9DB2762B-6BF0-4AE3-B1AD-7B829D2AEB36}
	EndGlobalSection
EndGlobal
